// !$*UTF8*$!
{
	archiveVersion = 1;
	classes = {
	};
	objectVersion = 56;
	objects = {

/* Begin PBXBuildFile section */
		9CC5D1462AB8438E005B0F1E /* AppDelegate.swift in Sources */ = {isa = PBXBuildFile; fileRef = 9CC5D1452AB8438E005B0F1E /* AppDelegate.swift */; };
		9CC5D1482AB8438E005B0F1E /* SceneDelegate.swift in Sources */ = {isa = PBXBuildFile; fileRef = 9CC5D1472AB8438E005B0F1E /* SceneDelegate.swift */; };
		9CC5D14A2AB8438E005B0F1E /* CameraViewController.swift in Sources */ = {isa = PBXBuildFile; fileRef = 9CC5D1492AB8438E005B0F1E /* CameraViewController.swift */; };
		9CC5D14D2AB8438E005B0F1E /* Main.storyboard in Resources */ = {isa = PBXBuildFile; fileRef = 9CC5D14B2AB8438E005B0F1E /* Main.storyboard */; };
		9CC5D14F2AB8438F005B0F1E /* Assets.xcassets in Resources */ = {isa = PBXBuildFile; fileRef = 9CC5D14E2AB8438F005B0F1E /* Assets.xcassets */; };
		9CC5D1522AB8438F005B0F1E /* LaunchScreen.storyboard in Resources */ = {isa = PBXBuildFile; fileRef = 9CC5D1502AB8438F005B0F1E /* LaunchScreen.storyboard */; };
		9CC5D15D2AB84390005B0F1E /* DemoCameraTests.swift in Sources */ = {isa = PBXBuildFile; fileRef = 9CC5D15C2AB84390005B0F1E /* DemoCameraTests.swift */; };
		9CC5D1672AB84390005B0F1E /* DemoCameraUITests.swift in Sources */ = {isa = PBXBuildFile; fileRef = 9CC5D1662AB84390005B0F1E /* DemoCameraUITests.swift */; };
		9CC5D1692AB84390005B0F1E /* DemoCameraUITestsLaunchTests.swift in Sources */ = {isa = PBXBuildFile; fileRef = 9CC5D1682AB84390005B0F1E /* DemoCameraUITestsLaunchTests.swift */; };
		9CC5D1782AB85E7E005B0F1E /* GalleryViewController.swift in Sources */ = {isa = PBXBuildFile; fileRef = 9CC5D1772AB85E7E005B0F1E /* GalleryViewController.swift */; };
		9CC5D17A2AB864CF005B0F1E /* GalleryCollectionViewCell.swift in Sources */ = {isa = PBXBuildFile; fileRef = 9CC5D1792AB864CF005B0F1E /* GalleryCollectionViewCell.swift */; };
/* End PBXBuildFile section */

/* Begin PBXContainerItemProxy section */
		9CC5D1592AB84390005B0F1E /* PBXContainerItemProxy */ = {
			isa = PBXContainerItemProxy;
			containerPortal = 9CC5D13A2AB8438E005B0F1E /* Project object */;
			proxyType = 1;
			remoteGlobalIDString = 9CC5D1412AB8438E005B0F1E;
			remoteInfo = DemoCamera;
		};
		9CC5D1632AB84390005B0F1E /* PBXContainerItemProxy */ = {
			isa = PBXContainerItemProxy;
			containerPortal = 9CC5D13A2AB8438E005B0F1E /* Project object */;
			proxyType = 1;
			remoteGlobalIDString = 9CC5D1412AB8438E005B0F1E;
			remoteInfo = DemoCamera;
		};
/* End PBXContainerItemProxy section */

/* Begin PBXFileReference section */
		9CC5D1422AB8438E005B0F1E /* DemoCamera.app */ = {isa = PBXFileReference; explicitFileType = wrapper.application; includeInIndex = 0; path = DemoCamera.app; sourceTree = BUILT_PRODUCTS_DIR; };
		9CC5D1452AB8438E005B0F1E /* AppDelegate.swift */ = {isa = PBXFileReference; lastKnownFileType = sourcecode.swift; path = AppDelegate.swift; sourceTree = "<group>"; };
		9CC5D1472AB8438E005B0F1E /* SceneDelegate.swift */ = {isa = PBXFileReference; lastKnownFileType = sourcecode.swift; path = SceneDelegate.swift; sourceTree = "<group>"; };
		9CC5D1492AB8438E005B0F1E /* CameraViewController.swift */ = {isa = PBXFileReference; lastKnownFileType = sourcecode.swift; path = CameraViewController.swift; sourceTree = "<group>"; };
		9CC5D14C2AB8438E005B0F1E /* Base */ = {isa = PBXFileReference; lastKnownFileType = file.storyboard; name = Base; path = Base.lproj/Main.storyboard; sourceTree = "<group>"; };
		9CC5D14E2AB8438F005B0F1E /* Assets.xcassets */ = {isa = PBXFileReference; lastKnownFileType = folder.assetcatalog; path = Assets.xcassets; sourceTree = "<group>"; };
		9CC5D1512AB8438F005B0F1E /* Base */ = {isa = PBXFileReference; lastKnownFileType = file.storyboard; name = Base; path = Base.lproj/LaunchScreen.storyboard; sourceTree = "<group>"; };
		9CC5D1532AB8438F005B0F1E /* Info.plist */ = {isa = PBXFileReference; lastKnownFileType = text.plist.xml; path = Info.plist; sourceTree = "<group>"; };
		9CC5D1582AB84390005B0F1E /* DemoCameraTests.xctest */ = {isa = PBXFileReference; explicitFileType = wrapper.cfbundle; includeInIndex = 0; path = DemoCameraTests.xctest; sourceTree = BUILT_PRODUCTS_DIR; };
		9CC5D15C2AB84390005B0F1E /* DemoCameraTests.swift */ = {isa = PBXFileReference; lastKnownFileType = sourcecode.swift; path = DemoCameraTests.swift; sourceTree = "<group>"; };
		9CC5D1622AB84390005B0F1E /* DemoCameraUITests.xctest */ = {isa = PBXFileReference; explicitFileType = wrapper.cfbundle; includeInIndex = 0; path = DemoCameraUITests.xctest; sourceTree = BUILT_PRODUCTS_DIR; };
		9CC5D1662AB84390005B0F1E /* DemoCameraUITests.swift */ = {isa = PBXFileReference; lastKnownFileType = sourcecode.swift; path = DemoCameraUITests.swift; sourceTree = "<group>"; };
		9CC5D1682AB84390005B0F1E /* DemoCameraUITestsLaunchTests.swift */ = {isa = PBXFileReference; lastKnownFileType = sourcecode.swift; path = DemoCameraUITestsLaunchTests.swift; sourceTree = "<group>"; };
		9CC5D1772AB85E7E005B0F1E /* GalleryViewController.swift */ = {isa = PBXFileReference; lastKnownFileType = sourcecode.swift; path = GalleryViewController.swift; sourceTree = "<group>"; };
		9CC5D1792AB864CF005B0F1E /* GalleryCollectionViewCell.swift */ = {isa = PBXFileReference; lastKnownFileType = sourcecode.swift; path = GalleryCollectionViewCell.swift; sourceTree = "<group>"; };
/* End PBXFileReference section */

/* Begin PBXFrameworksBuildPhase section */
		9CC5D13F2AB8438E005B0F1E /* Frameworks */ = {
			isa = PBXFrameworksBuildPhase;
			buildActionMask = 2147483647;
			files = (
			);
			runOnlyForDeploymentPostprocessing = 0;
		};
		9CC5D1552AB84390005B0F1E /* Frameworks */ = {
			isa = PBXFrameworksBuildPhase;
			buildActionMask = 2147483647;
			files = (
			);
			runOnlyForDeploymentPostprocessing = 0;
		};
		9CC5D15F2AB84390005B0F1E /* Frameworks */ = {
			isa = PBXFrameworksBuildPhase;
			buildActionMask = 2147483647;
			files = (
			);
			runOnlyForDeploymentPostprocessing = 0;
		};
/* End PBXFrameworksBuildPhase section */

/* Begin PBXGroup section */
		9CC5D1392AB8438E005B0F1E = {
			isa = PBXGroup;
			children = (
				9CC5D1442AB8438E005B0F1E /* DemoCamera */,
				9CC5D15B2AB84390005B0F1E /* DemoCameraTests */,
				9CC5D1652AB84390005B0F1E /* DemoCameraUITests */,
				9CC5D1432AB8438E005B0F1E /* Products */,
			);
			sourceTree = "<group>";
		};
		9CC5D1432AB8438E005B0F1E /* Products */ = {
			isa = PBXGroup;
			children = (
				9CC5D1422AB8438E005B0F1E /* DemoCamera.app */,
				9CC5D1582AB84390005B0F1E /* DemoCameraTests.xctest */,
				9CC5D1622AB84390005B0F1E /* DemoCameraUITests.xctest */,
			);
			name = Products;
			sourceTree = "<group>";
		};
		9CC5D1442AB8438E005B0F1E /* DemoCamera */ = {
			isa = PBXGroup;
			children = (
				9CC5D1452AB8438E005B0F1E /* AppDelegate.swift */,
				9CC5D1472AB8438E005B0F1E /* SceneDelegate.swift */,
				9CC5D1492AB8438E005B0F1E /* CameraViewController.swift */,
				9CC5D1772AB85E7E005B0F1E /* GalleryViewController.swift */,
				9CC5D1792AB864CF005B0F1E /* GalleryCollectionViewCell.swift */,
				9CC5D14B2AB8438E005B0F1E /* Main.storyboard */,
				9CC5D14E2AB8438F005B0F1E /* Assets.xcassets */,
				9CC5D1502AB8438F005B0F1E /* LaunchScreen.storyboard */,
				9CC5D1532AB8438F005B0F1E /* Info.plist */,
			);
			path = DemoCamera;
			sourceTree = "<group>";
		};
		9CC5D15B2AB84390005B0F1E /* DemoCameraTests */ = {
			isa = PBXGroup;
			children = (
				9CC5D15C2AB84390005B0F1E /* DemoCameraTests.swift */,
			);
			path = DemoCameraTests;
			sourceTree = "<group>";
		};
		9CC5D1652AB84390005B0F1E /* DemoCameraUITests */ = {
			isa = PBXGroup;
			children = (
				9CC5D1662AB84390005B0F1E /* DemoCameraUITests.swift */,
				9CC5D1682AB84390005B0F1E /* DemoCameraUITestsLaunchTests.swift */,
			);
			path = DemoCameraUITests;
			sourceTree = "<group>";
		};
/* End PBXGroup section */

/* Begin PBXNativeTarget section */
		9CC5D1412AB8438E005B0F1E /* DemoCamera */ = {
			isa = PBXNativeTarget;
			buildConfigurationList = 9CC5D16C2AB84390005B0F1E /* Build configuration list for PBXNativeTarget "DemoCamera" */;
			buildPhases = (
				9CC5D13E2AB8438E005B0F1E /* Sources */,
				9CC5D13F2AB8438E005B0F1E /* Frameworks */,
				9CC5D1402AB8438E005B0F1E /* Resources */,
			);
			buildRules = (
			);
			dependencies = (
			);
			name = DemoCamera;
			productName = DemoCamera;
			productReference = 9CC5D1422AB8438E005B0F1E /* DemoCamera.app */;
			productType = "com.apple.product-type.application";
		};
		9CC5D1572AB84390005B0F1E /* DemoCameraTests */ = {
			isa = PBXNativeTarget;
			buildConfigurationList = 9CC5D16F2AB84390005B0F1E /* Build configuration list for PBXNativeTarget "DemoCameraTests" */;
			buildPhases = (
				9CC5D1542AB84390005B0F1E /* Sources */,
				9CC5D1552AB84390005B0F1E /* Frameworks */,
				9CC5D1562AB84390005B0F1E /* Resources */,
			);
			buildRules = (
			);
			dependencies = (
				9CC5D15A2AB84390005B0F1E /* PBXTargetDependency */,
			);
			name = DemoCameraTests;
			productName = DemoCameraTests;
			productReference = 9CC5D1582AB84390005B0F1E /* DemoCameraTests.xctest */;
			productType = "com.apple.product-type.bundle.unit-test";
		};
		9CC5D1612AB84390005B0F1E /* DemoCameraUITests */ = {
			isa = PBXNativeTarget;
			buildConfigurationList = 9CC5D1722AB84390005B0F1E /* Build configuration list for PBXNativeTarget "DemoCameraUITests" */;
			buildPhases = (
				9CC5D15E2AB84390005B0F1E /* Sources */,
				9CC5D15F2AB84390005B0F1E /* Frameworks */,
				9CC5D1602AB84390005B0F1E /* Resources */,
			);
			buildRules = (
			);
			dependencies = (
				9CC5D1642AB84390005B0F1E /* PBXTargetDependency */,
			);
			name = DemoCameraUITests;
			productName = DemoCameraUITests;
			productReference = 9CC5D1622AB84390005B0F1E /* DemoCameraUITests.xctest */;
			productType = "com.apple.product-type.bundle.ui-testing";
		};
/* End PBXNativeTarget section */

/* Begin PBXProject section */
		9CC5D13A2AB8438E005B0F1E /* Project object */ = {
			isa = PBXProject;
			attributes = {
				BuildIndependentTargetsInParallel = 1;
				LastSwiftUpdateCheck = 1430;
				LastUpgradeCheck = 1430;
				TargetAttributes = {
					9CC5D1412AB8438E005B0F1E = {
						CreatedOnToolsVersion = 14.3.1;
					};
					9CC5D1572AB84390005B0F1E = {
						CreatedOnToolsVersion = 14.3.1;
						TestTargetID = 9CC5D1412AB8438E005B0F1E;
					};
					9CC5D1612AB84390005B0F1E = {
						CreatedOnToolsVersion = 14.3.1;
						TestTargetID = 9CC5D1412AB8438E005B0F1E;
					};
				};
			};
			buildConfigurationList = 9CC5D13D2AB8438E005B0F1E /* Build configuration list for PBXProject "DemoCamera" */;
			compatibilityVersion = "Xcode 14.0";
			developmentRegion = en;
			hasScannedForEncodings = 0;
			knownRegions = (
				en,
				Base,
			);
			mainGroup = 9CC5D1392AB8438E005B0F1E;
			productRefGroup = 9CC5D1432AB8438E005B0F1E /* Products */;
			projectDirPath = "";
			projectRoot = "";
			targets = (
				9CC5D1412AB8438E005B0F1E /* DemoCamera */,
				9CC5D1572AB84390005B0F1E /* DemoCameraTests */,
				9CC5D1612AB84390005B0F1E /* DemoCameraUITests */,
			);
		};
/* End PBXProject section */

/* Begin PBXResourcesBuildPhase section */
		9CC5D1402AB8438E005B0F1E /* Resources */ = {
			isa = PBXResourcesBuildPhase;
			buildActionMask = 2147483647;
			files = (
				9CC5D1522AB8438F005B0F1E /* LaunchScreen.storyboard in Resources */,
				9CC5D14F2AB8438F005B0F1E /* Assets.xcassets in Resources */,
				9CC5D14D2AB8438E005B0F1E /* Main.storyboard in Resources */,
			);
			runOnlyForDeploymentPostprocessing = 0;
		};
		9CC5D1562AB84390005B0F1E /* Resources */ = {
			isa = PBXResourcesBuildPhase;
			buildActionMask = 2147483647;
			files = (
			);
			runOnlyForDeploymentPostprocessing = 0;
		};
		9CC5D1602AB84390005B0F1E /* Resources */ = {
			isa = PBXResourcesBuildPhase;
			buildActionMask = 2147483647;
			files = (
			);
			runOnlyForDeploymentPostprocessing = 0;
		};
/* End PBXResourcesBuildPhase section */

/* Begin PBXSourcesBuildPhase section */
		9CC5D13E2AB8438E005B0F1E /* Sources */ = {
			isa = PBXSourcesBuildPhase;
			buildActionMask = 2147483647;
			files = (
				9CC5D14A2AB8438E005B0F1E /* CameraViewController.swift in Sources */,
				9CC5D17A2AB864CF005B0F1E /* GalleryCollectionViewCell.swift in Sources */,
				9CC5D1782AB85E7E005B0F1E /* GalleryViewController.swift in Sources */,
				9CC5D1462AB8438E005B0F1E /* AppDelegate.swift in Sources */,
				9CC5D1482AB8438E005B0F1E /* SceneDelegate.swift in Sources */,
			);
			runOnlyForDeploymentPostprocessing = 0;
		};
		9CC5D1542AB84390005B0F1E /* Sources */ = {
			isa = PBXSourcesBuildPhase;
			buildActionMask = 2147483647;
			files = (
				9CC5D15D2AB84390005B0F1E /* DemoCameraTests.swift in Sources */,
			);
			runOnlyForDeploymentPostprocessing = 0;
		};
		9CC5D15E2AB84390005B0F1E /* Sources */ = {
			isa = PBXSourcesBuildPhase;
			buildActionMask = 2147483647;
			files = (
				9CC5D1692AB84390005B0F1E /* DemoCameraUITestsLaunchTests.swift in Sources */,
				9CC5D1672AB84390005B0F1E /* DemoCameraUITests.swift in Sources */,
			);
			runOnlyForDeploymentPostprocessing = 0;
		};
/* End PBXSourcesBuildPhase section */

/* Begin PBXTargetDependency section */
		9CC5D15A2AB84390005B0F1E /* PBXTargetDependency */ = {
			isa = PBXTargetDependency;
			target = 9CC5D1412AB8438E005B0F1E /* DemoCamera */;
			targetProxy = 9CC5D1592AB84390005B0F1E /* PBXContainerItemProxy */;
		};
		9CC5D1642AB84390005B0F1E /* PBXTargetDependency */ = {
			isa = PBXTargetDependency;
			target = 9CC5D1412AB8438E005B0F1E /* DemoCamera */;
			targetProxy = 9CC5D1632AB84390005B0F1E /* PBXContainerItemProxy */;
		};
/* End PBXTargetDependency section */

/* Begin PBXVariantGroup section */
		9CC5D14B2AB8438E005B0F1E /* Main.storyboard */ = {
			isa = PBXVariantGroup;
			children = (
				9CC5D14C2AB8438E005B0F1E /* Base */,
			);
			name = Main.storyboard;
			sourceTree = "<group>";
		};
		9CC5D1502AB8438F005B0F1E /* LaunchScreen.storyboard */ = {
			isa = PBXVariantGroup;
			children = (
				9CC5D1512AB8438F005B0F1E /* Base */,
			);
			name = LaunchScreen.storyboard;
			sourceTree = "<group>";
		};
/* End PBXVariantGroup section */

/* Begin XCBuildConfiguration section */
		9CC5D16A2AB84390005B0F1E /* Debug */ = {
			isa = XCBuildConfiguration;
			buildSettings = {
				ALWAYS_SEARCH_USER_PATHS = NO;
				CLANG_ANALYZER_NONNULL = YES;
				CLANG_ANALYZER_NUMBER_OBJECT_CONVERSION = YES_AGGRESSIVE;
				CLANG_CXX_LANGUAGE_STANDARD = "gnu++20";
				CLANG_ENABLE_MODULES = YES;
				CLANG_ENABLE_OBJC_ARC = YES;
				CLANG_ENABLE_OBJC_WEAK = YES;
				CLANG_WARN_BLOCK_CAPTURE_AUTORELEASING = YES;
				CLANG_WARN_BOOL_CONVERSION = YES;
				CLANG_WARN_COMMA = YES;
				CLANG_WARN_CONSTANT_CONVERSION = YES;
				CLANG_WARN_DEPRECATED_OBJC_IMPLEMENTATIONS = YES;
				CLANG_WARN_DIRECT_OBJC_ISA_USAGE = YES_ERROR;
				CLANG_WARN_DOCUMENTATION_COMMENTS = YES;
				CLANG_WARN_EMPTY_BODY = YES;
				CLANG_WARN_ENUM_CONVERSION = YES;
				CLANG_WARN_INFINITE_RECURSION = YES;
				CLANG_WARN_INT_CONVERSION = YES;
				CLANG_WARN_NON_LITERAL_NULL_CONVERSION = YES;
				CLANG_WARN_OBJC_IMPLICIT_RETAIN_SELF = YES;
				CLANG_WARN_OBJC_LITERAL_CONVERSION = YES;
				CLANG_WARN_OBJC_ROOT_CLASS = YES_ERROR;
				CLANG_WARN_QUOTED_INCLUDE_IN_FRAMEWORK_HEADER = YES;
				CLANG_WARN_RANGE_LOOP_ANALYSIS = YES;
				CLANG_WARN_STRICT_PROTOTYPES = YES;
				CLANG_WARN_SUSPICIOUS_MOVE = YES;
				CLANG_WARN_UNGUARDED_AVAILABILITY = YES_AGGRESSIVE;
				CLANG_WARN_UNREACHABLE_CODE = YES;
				CLANG_WARN__DUPLICATE_METHOD_MATCH = YES;
				COPY_PHASE_STRIP = NO;
				DEBUG_INFORMATION_FORMAT = dwarf;
				ENABLE_STRICT_OBJC_MSGSEND = YES;
				ENABLE_TESTABILITY = YES;
				GCC_C_LANGUAGE_STANDARD = gnu11;
				GCC_DYNAMIC_NO_PIC = NO;
				GCC_NO_COMMON_BLOCKS = YES;
				GCC_OPTIMIZATION_LEVEL = 0;
				GCC_PREPROCESSOR_DEFINITIONS = (
					"DEBUG=1",
					"$(inherited)",
				);
				GCC_WARN_64_TO_32_BIT_CONVERSION = YES;
				GCC_WARN_ABOUT_RETURN_TYPE = YES_ERROR;
				GCC_WARN_UNDECLARED_SELECTOR = YES;
				GCC_WARN_UNINITIALIZED_AUTOS = YES_AGGRESSIVE;
				GCC_WARN_UNUSED_FUNCTION = YES;
				GCC_WARN_UNUSED_VARIABLE = YES;
				IPHONEOS_DEPLOYMENT_TARGET = 16.4;
				MTL_ENABLE_DEBUG_INFO = INCLUDE_SOURCE;
				MTL_FAST_MATH = YES;
				ONLY_ACTIVE_ARCH = YES;
				SDKROOT = iphoneos;
				SWIFT_ACTIVE_COMPILATION_CONDITIONS = DEBUG;
				SWIFT_OPTIMIZATION_LEVEL = "-Onone";
			};
			name = Debug;
		};
		9CC5D16B2AB84390005B0F1E /* Release */ = {
			isa = XCBuildConfiguration;
			buildSettings = {
				ALWAYS_SEARCH_USER_PATHS = NO;
				CLANG_ANALYZER_NONNULL = YES;
				CLANG_ANALYZER_NUMBER_OBJECT_CONVERSION = YES_AGGRESSIVE;
				CLANG_CXX_LANGUAGE_STANDARD = "gnu++20";
				CLANG_ENABLE_MODULES = YES;
				CLANG_ENABLE_OBJC_ARC = YES;
				CLANG_ENABLE_OBJC_WEAK = YES;
				CLANG_WARN_BLOCK_CAPTURE_AUTORELEASING = YES;
				CLANG_WARN_BOOL_CONVERSION = YES;
				CLANG_WARN_COMMA = YES;
				CLANG_WARN_CONSTANT_CONVERSION = YES;
				CLANG_WARN_DEPRECATED_OBJC_IMPLEMENTATIONS = YES;
				CLANG_WARN_DIRECT_OBJC_ISA_USAGE = YES_ERROR;
				CLANG_WARN_DOCUMENTATION_COMMENTS = YES;
				CLANG_WARN_EMPTY_BODY = YES;
				CLANG_WARN_ENUM_CONVERSION = YES;
				CLANG_WARN_INFINITE_RECURSION = YES;
				CLANG_WARN_INT_CONVERSION = YES;
				CLANG_WARN_NON_LITERAL_NULL_CONVERSION = YES;
				CLANG_WARN_OBJC_IMPLICIT_RETAIN_SELF = YES;
				CLANG_WARN_OBJC_LITERAL_CONVERSION = YES;
				CLANG_WARN_OBJC_ROOT_CLASS = YES_ERROR;
				CLANG_WARN_QUOTED_INCLUDE_IN_FRAMEWORK_HEADER = YES;
				CLANG_WARN_RANGE_LOOP_ANALYSIS = YES;
				CLANG_WARN_STRICT_PROTOTYPES = YES;
				CLANG_WARN_SUSPICIOUS_MOVE = YES;
				CLANG_WARN_UNGUARDED_AVAILABILITY = YES_AGGRESSIVE;
				CLANG_WARN_UNREACHABLE_CODE = YES;
				CLANG_WARN__DUPLICATE_METHOD_MATCH = YES;
				COPY_PHASE_STRIP = NO;
				DEBUG_INFORMATION_FORMAT = "dwarf-with-dsym";
				ENABLE_NS_ASSERTIONS = NO;
				ENABLE_STRICT_OBJC_MSGSEND = YES;
				GCC_C_LANGUAGE_STANDARD = gnu11;
				GCC_NO_COMMON_BLOCKS = YES;
				GCC_WARN_64_TO_32_BIT_CONVERSION = YES;
				GCC_WARN_ABOUT_RETURN_TYPE = YES_ERROR;
				GCC_WARN_UNDECLARED_SELECTOR = YES;
				GCC_WARN_UNINITIALIZED_AUTOS = YES_AGGRESSIVE;
				GCC_WARN_UNUSED_FUNCTION = YES;
				GCC_WARN_UNUSED_VARIABLE = YES;
				IPHONEOS_DEPLOYMENT_TARGET = 16.4;
				MTL_ENABLE_DEBUG_INFO = NO;
				MTL_FAST_MATH = YES;
				SDKROOT = iphoneos;
				SWIFT_COMPILATION_MODE = wholemodule;
				SWIFT_OPTIMIZATION_LEVEL = "-O";
				VALIDATE_PRODUCT = YES;
			};
			name = Release;
		};
		9CC5D16D2AB84390005B0F1E /* Debug */ = {
			isa = XCBuildConfiguration;
			buildSettings = {
				ASSETCATALOG_COMPILER_APPICON_NAME = AppIcon;
				ASSETCATALOG_COMPILER_GLOBAL_ACCENT_COLOR_NAME = AccentColor;
				CODE_SIGN_STYLE = Automatic;
				CURRENT_PROJECT_VERSION = 1;
				DEVELOPMENT_TEAM = E8LASM22T7;
				GENERATE_INFOPLIST_FILE = YES;
				INFOPLIST_FILE = DemoCamera/Info.plist;
				INFOPLIST_KEY_UIApplicationSupportsIndirectInputEvents = YES;
				INFOPLIST_KEY_UILaunchStoryboardName = LaunchScreen;
				INFOPLIST_KEY_UIMainStoryboardFile = Main;
				INFOPLIST_KEY_UISupportedInterfaceOrientations_iPad = "UIInterfaceOrientationPortrait UIInterfaceOrientationPortraitUpsideDown UIInterfaceOrientationLandscapeLeft UIInterfaceOrientationLandscapeRight";
				INFOPLIST_KEY_UISupportedInterfaceOrientations_iPhone = "UIInterfaceOrientationPortrait UIInterfaceOrientationLandscapeLeft UIInterfaceOrientationLandscapeRight";
				IPHONEOS_DEPLOYMENT_TARGET = 16.1;
				LD_RUNPATH_SEARCH_PATHS = (
					"$(inherited)",
					"@executable_path/Frameworks",
				);
				MARKETING_VERSION = 1.0;
				PRODUCT_BUNDLE_IDENTIFIER = com.nfq.DemoCamera;
				PRODUCT_NAME = "$(TARGET_NAME)";
				SWIFT_EMIT_LOC_STRINGS = YES;
				SWIFT_VERSION = 5.0;
				TARGETED_DEVICE_FAMILY = "1,2";
			};
			name = Debug;
		};
		9CC5D16E2AB84390005B0F1E /* Release */ = {
			isa = XCBuildConfiguration;
			buildSettings = {
				ASSETCATALOG_COMPILER_APPICON_NAME = AppIcon;
				ASSETCATALOG_COMPILER_GLOBAL_ACCENT_COLOR_NAME = AccentColor;
				CODE_SIGN_STYLE = Automatic;
				CURRENT_PROJECT_VERSION = 1;
				DEVELOPMENT_TEAM = E8LASM22T7;
				GENERATE_INFOPLIST_FILE = YES;
				INFOPLIST_FILE = DemoCamera/Info.plist;
				INFOPLIST_KEY_UIApplicationSupportsIndirectInputEvents = YES;
				INFOPLIST_KEY_UILaunchStoryboardName = LaunchScreen;
				INFOPLIST_KEY_UIMainStoryboardFile = Main;
				INFOPLIST_KEY_UISupportedInterfaceOrientations_iPad = "UIInterfaceOrientationPortrait UIInterfaceOrientationPortraitUpsideDown UIInterfaceOrientationLandscapeLeft UIInterfaceOrientationLandscapeRight";
				INFOPLIST_KEY_UISupportedInterfaceOrientations_iPhone = "UIInterfaceOrientationPortrait UIInterfaceOrientationLandscapeLeft UIInterfaceOrientationLandscapeRight";
				IPHONEOS_DEPLOYMENT_TARGET = 16.1;
				LD_RUNPATH_SEARCH_PATHS = (
					"$(inherited)",
					"@executable_path/Frameworks",
				);
				MARKETING_VERSION = 1.0;
				PRODUCT_BUNDLE_IDENTIFIER = com.nfq.DemoCamera;
				PRODUCT_NAME = "$(TARGET_NAME)";
				SWIFT_EMIT_LOC_STRINGS = YES;
				SWIFT_VERSION = 5.0;
				TARGETED_DEVICE_FAMILY = "1,2";
			};
			name = Release;
		};
		9CC5D1702AB84390005B0F1E /* Debug */ = {
			isa = XCBuildConfiguration;
			buildSettings = {
				ALWAYS_EMBED_SWIFT_STANDARD_LIBRARIES = YES;
				BUNDLE_LOADER = "$(TEST_HOST)";
				CODE_SIGN_STYLE = Automatic;
				CURRENT_PROJECT_VERSION = 1;
				GENERATE_INFOPLIST_FILE = YES;
				IPHONEOS_DEPLOYMENT_TARGET = 16.4;
				MARKETING_VERSION = 1.0;
				PRODUCT_BUNDLE_IDENTIFIER = com.nfq.DemoCameraTests;
				PRODUCT_NAME = "$(TARGET_NAME)";
				SWIFT_EMIT_LOC_STRINGS = NO;
				SWIFT_VERSION = 5.0;
				TARGETED_DEVICE_FAMILY = "1,2";
				TEST_HOST = "$(BUILT_PRODUCTS_DIR)/DemoCamera.app/$(BUNDLE_EXECUTABLE_FOLDER_PATH)/DemoCamera";
			};
			name = Debug;
		};
		9CC5D1712AB84390005B0F1E /* Release */ = {
			isa = XCBuildConfiguration;
			buildSettings = {
				ALWAYS_EMBED_SWIFT_STANDARD_LIBRARIES = YES;
				BUNDLE_LOADER = "$(TEST_HOST)";
				CODE_SIGN_STYLE = Automatic;
				CURRENT_PROJECT_VERSION = 1;
				GENERATE_INFOPLIST_FILE = YES;
				IPHONEOS_DEPLOYMENT_TARGET = 16.4;
				MARKETING_VERSION = 1.0;
				PRODUCT_BUNDLE_IDENTIFIER = com.nfq.DemoCameraTests;
				PRODUCT_NAME = "$(TARGET_NAME)";
				SWIFT_EMIT_LOC_STRINGS = NO;
				SWIFT_VERSION = 5.0;
				TARGETED_DEVICE_FAMILY = "1,2";
				TEST_HOST = "$(BUILT_PRODUCTS_DIR)/DemoCamera.app/$(BUNDLE_EXECUTABLE_FOLDER_PATH)/DemoCamera";
			};
			name = Release;
		};
		9CC5D1732AB84390005B0F1E /* Debug */ = {
			isa = XCBuildConfiguration;
			buildSettings = {
				ALWAYS_EMBED_SWIFT_STANDARD_LIBRARIES = YES;
				CODE_SIGN_STYLE = Automatic;
				CURRENT_PROJECT_VERSION = 1;
				GENERATE_INFOPLIST_FILE = YES;
				MARKETING_VERSION = 1.0;
				PRODUCT_BUNDLE_IDENTIFIER = com.nfq.DemoCameraUITests;
				PRODUCT_NAME = "$(TARGET_NAME)";
				SWIFT_EMIT_LOC_STRINGS = NO;
				SWIFT_VERSION = 5.0;
				TARGETED_DEVICE_FAMILY = "1,2";
				TEST_TARGET_NAME = DemoCamera;
			};
			name = Debug;
		};
		9CC5D1742AB84390005B0F1E /* Release */ = {
			isa = XCBuildConfiguration;
			buildSettings = {
				ALWAYS_EMBED_SWIFT_STANDARD_LIBRARIES = YES;
				CODE_SIGN_STYLE = Automatic;
				CURRENT_PROJECT_VERSION = 1;
				GENERATE_INFOPLIST_FILE = YES;
				MARKETING_VERSION = 1.0;
				PRODUCT_BUNDLE_IDENTIFIER = com.nfq.DemoCameraUITests;
				PRODUCT_NAME = "$(TARGET_NAME)";
				SWIFT_EMIT_LOC_STRINGS = NO;
				SWIFT_VERSION = 5.0;
				TARGETED_DEVICE_FAMILY = "1,2";
				TEST_TARGET_NAME = DemoCamera;
			};
			name = Release;
		};
/* End XCBuildConfiguration section */

/* Begin XCConfigurationList section */
		9CC5D13D2AB8438E005B0F1E /* Build configuration list for PBXProject "DemoCamera" */ = {
			isa = XCConfigurationList;
			buildConfigurations = (
				9CC5D16A2AB84390005B0F1E /* Debug */,
				9CC5D16B2AB84390005B0F1E /* Release */,
			);
			defaultConfigurationIsVisible = 0;
			defaultConfigurationName = Release;
		};
		9CC5D16C2AB84390005B0F1E /* Build configuration list for PBXNativeTarget "DemoCamera" */ = {
			isa = XCConfigurationList;
			buildConfigurations = (
				9CC5D16D2AB84390005B0F1E /* Debug */,
				9CC5D16E2AB84390005B0F1E /* Release */,
			);
			defaultConfigurationIsVisible = 0;
			defaultConfigurationName = Release;
		};
		9CC5D16F2AB84390005B0F1E /* Build configuration list for PBXNativeTarget "DemoCameraTests" */ = {
			isa = XCConfigurationList;
			buildConfigurations = (
				9CC5D1702AB84390005B0F1E /* Debug */,
				9CC5D1712AB84390005B0F1E /* Release */,
			);
			defaultConfigurationIsVisible = 0;
			defaultConfigurationName = Release;
		};
		9CC5D1722AB84390005B0F1E /* Build configuration list for PBXNativeTarget "DemoCameraUITests" */ = {
			isa = XCConfigurationList;
			buildConfigurations = (
				9CC5D1732AB84390005B0F1E /* Debug */,
				9CC5D1742AB84390005B0F1E /* Release */,
			);
			defaultConfigurationIsVisible = 0;
			defaultConfigurationName = Release;
		};
/* End XCConfigurationList section */
	};
	rootObject = 9CC5D13A2AB8438E005B0F1E /* Project object */;
}
